// !$*UTF8*$!
{
	archiveVersion = 1;
	classes = {
	};
	objectVersion = 50;
	objects = {

/* Begin PBXBuildFile section */
		581106FF21135E4A00FAF56E /* AppDelegate.swift in Sources */ = {isa = PBXBuildFile; fileRef = 581106FE21135E4A00FAF56E /* AppDelegate.swift */; };
		5811070121135E4A00FAF56E /* WelcomeViewController.swift in Sources */ = {isa = PBXBuildFile; fileRef = 5811070021135E4A00FAF56E /* WelcomeViewController.swift */; };
		5811070421135E4A00FAF56E /* Main.storyboard in Resources */ = {isa = PBXBuildFile; fileRef = 5811070221135E4A00FAF56E /* Main.storyboard */; };
		5811070621135E4B00FAF56E /* Assets.xcassets in Resources */ = {isa = PBXBuildFile; fileRef = 5811070521135E4B00FAF56E /* Assets.xcassets */; };
		5811070921135E4B00FAF56E /* LaunchScreen.storyboard in Resources */ = {isa = PBXBuildFile; fileRef = 5811070721135E4B00FAF56E /* LaunchScreen.storyboard */; };
		5811071421135E4B00FAF56E /* HeadSwipeSensitivityTests.swift in Sources */ = {isa = PBXBuildFile; fileRef = 5811071321135E4B00FAF56E /* HeadSwipeSensitivityTests.swift */; };
		5811071F21135E4B00FAF56E /* HeadSwipeSensitivityUITests.swift in Sources */ = {isa = PBXBuildFile; fileRef = 5811071E21135E4B00FAF56E /* HeadSwipeSensitivityUITests.swift */; };
		581107332113892B00FAF56E /* MarketSans-Regular.otf in Resources */ = {isa = PBXBuildFile; fileRef = 5811072D2113892B00FAF56E /* MarketSans-Regular.otf */; };
		581107342113892B00FAF56E /* MarketSans-Light.otf in Resources */ = {isa = PBXBuildFile; fileRef = 5811072E2113892B00FAF56E /* MarketSans-Light.otf */; };
		581107352113892B00FAF56E /* MarketSans-SemiBold.otf in Resources */ = {isa = PBXBuildFile; fileRef = 5811072F2113892B00FAF56E /* MarketSans-SemiBold.otf */; };
		581107362113892B00FAF56E /* MarketSans-Bold.otf in Resources */ = {isa = PBXBuildFile; fileRef = 581107302113892B00FAF56E /* MarketSans-Bold.otf */; };
		581107372113892B00FAF56E /* MarketSans-Thin.otf in Resources */ = {isa = PBXBuildFile; fileRef = 581107312113892B00FAF56E /* MarketSans-Thin.otf */; };
		581107382113892B00FAF56E /* MarketSans-Medium.otf in Resources */ = {isa = PBXBuildFile; fileRef = 581107322113892B00FAF56E /* MarketSans-Medium.otf */; };
		5811073F2113BC0800FAF56E /* NumbersViewController.swift in Sources */ = {isa = PBXBuildFile; fileRef = 5811073E2113BC0800FAF56E /* NumbersViewController.swift */; };
		581107412113BC3100FAF56E /* PracticeViewController.swift in Sources */ = {isa = PBXBuildFile; fileRef = 581107402113BC3100FAF56E /* PracticeViewController.swift */; };
		581107472113C4C200FAF56E /* Data.swift in Sources */ = {isa = PBXBuildFile; fileRef = 581107462113C4C200FAF56E /* Data.swift */; };
		581107492113C90B00FAF56E /* SummaryViewController.swift in Sources */ = {isa = PBXBuildFile; fileRef = 581107482113C90B00FAF56E /* SummaryViewController.swift */; };
		5811074B2114A6E300FAF56E /* AlphabetsViewController.swift in Sources */ = {isa = PBXBuildFile; fileRef = 5811074A2114A6E300FAF56E /* AlphabetsViewController.swift */; };
		5811074D2114BE4200FAF56E /* KeyboardSequence.swift in Sources */ = {isa = PBXBuildFile; fileRef = 5811074C2114BE4200FAF56E /* KeyboardSequence.swift */; };
		5811074F211562F900FAF56E /* BaseSequenceViewController.swift in Sources */ = {isa = PBXBuildFile; fileRef = 5811074E211562F900FAF56E /* BaseSequenceViewController.swift */; };
		DAD2281721389EA70071F411 /* UIHeadGazeViewController.swift in Sources */ = {isa = PBXBuildFile; fileRef = DAD2280721389EA70071F411 /* UIHeadGazeViewController.swift */; };
		DAD2281821389EA70071F411 /* UITrackButton.swift in Sources */ = {isa = PBXBuildFile; fileRef = DAD2280821389EA70071F411 /* UITrackButton.swift */; };
		DAD2281921389EA70071F411 /* UIHoverableButton.swift in Sources */ = {isa = PBXBuildFile; fileRef = DAD2280921389EA70071F411 /* UIHoverableButton.swift */; };
		DAD2281A21389EA70071F411 /* UIHeadGazeEvent.swift in Sources */ = {isa = PBXBuildFile; fileRef = DAD2280A21389EA70071F411 /* UIHeadGazeEvent.swift */; };
		DAD2281B21389EA70071F411 /* README.md in Resources */ = {isa = PBXBuildFile; fileRef = DAD2280B21389EA70071F411 /* README.md */; };
		DAD2281C21389EA70071F411 /* Throttler.swift in Sources */ = {isa = PBXBuildFile; fileRef = DAD2280D21389EA70071F411 /* Throttler.swift */; };
		DAD2281D21389EA70071F411 /* MathUtility.swift in Sources */ = {isa = PBXBuildFile; fileRef = DAD2280E21389EA70071F411 /* MathUtility.swift */; };
		DAD2281E21389EA70071F411 /* ChargingThrottler.swift in Sources */ = {isa = PBXBuildFile; fileRef = DAD2280F21389EA70071F411 /* ChargingThrottler.swift */; };
		DAD2281F21389EA70071F411 /* UIVirtualCursorView.swift in Sources */ = {isa = PBXBuildFile; fileRef = DAD2281021389EA70071F411 /* UIVirtualCursorView.swift */; };
		DAD2282121389EA70071F411 /* UIHeadGazeView.swift in Sources */ = {isa = PBXBuildFile; fileRef = DAD2281221389EA70071F411 /* UIHeadGazeView.swift */; };
		DAD2282221389EA70071F411 /* UIBubbleButton.swift in Sources */ = {isa = PBXBuildFile; fileRef = DAD2281321389EA70071F411 /* UIBubbleButton.swift */; };
		DAD2282321389EA70071F411 /* UIHeadGazeRecognizer.swift in Sources */ = {isa = PBXBuildFile; fileRef = DAD2281421389EA70071F411 /* UIHeadGazeRecognizer.swift */; };
		DAD2282421389EA70071F411 /* UIHeadGazeViewControllerBase.swift in Sources */ = {isa = PBXBuildFile; fileRef = DAD2281521389EA70071F411 /* UIHeadGazeViewControllerBase.swift */; };
		DAD2282721389F700071F411 /* eBayColor.swift in Sources */ = {isa = PBXBuildFile; fileRef = DAD2282621389F700071F411 /* eBayColor.swift */; };
/* End PBXBuildFile section */

/* Begin PBXContainerItemProxy section */
		5811071021135E4B00FAF56E /* PBXContainerItemProxy */ = {
			isa = PBXContainerItemProxy;
			containerPortal = 581106F321135E4900FAF56E /* Project object */;
			proxyType = 1;
			remoteGlobalIDString = 581106FA21135E4A00FAF56E;
			remoteInfo = HeadSwipeSensitivity;
		};
		5811071B21135E4B00FAF56E /* PBXContainerItemProxy */ = {
			isa = PBXContainerItemProxy;
			containerPortal = 581106F321135E4900FAF56E /* Project object */;
			proxyType = 1;
			remoteGlobalIDString = 581106FA21135E4A00FAF56E;
			remoteInfo = HeadSwipeSensitivity;
		};
/* End PBXContainerItemProxy section */

/* Begin PBXFileReference section */
		581106FB21135E4A00FAF56E /* HeadSwipeSensitivity.app */ = {isa = PBXFileReference; explicitFileType = wrapper.application; includeInIndex = 0; path = HeadSwipeSensitivity.app; sourceTree = BUILT_PRODUCTS_DIR; };
		581106FE21135E4A00FAF56E /* AppDelegate.swift */ = {isa = PBXFileReference; lastKnownFileType = sourcecode.swift; path = AppDelegate.swift; sourceTree = "<group>"; };
		5811070021135E4A00FAF56E /* WelcomeViewController.swift */ = {isa = PBXFileReference; lastKnownFileType = sourcecode.swift; path = WelcomeViewController.swift; sourceTree = "<group>"; };
		5811070321135E4A00FAF56E /* Base */ = {isa = PBXFileReference; lastKnownFileType = file.storyboard; name = Base; path = Base.lproj/Main.storyboard; sourceTree = "<group>"; };
		5811070521135E4B00FAF56E /* Assets.xcassets */ = {isa = PBXFileReference; lastKnownFileType = folder.assetcatalog; path = Assets.xcassets; sourceTree = "<group>"; };
		5811070821135E4B00FAF56E /* Base */ = {isa = PBXFileReference; lastKnownFileType = file.storyboard; name = Base; path = Base.lproj/LaunchScreen.storyboard; sourceTree = "<group>"; };
		5811070A21135E4B00FAF56E /* Info.plist */ = {isa = PBXFileReference; lastKnownFileType = text.plist.xml; path = Info.plist; sourceTree = "<group>"; };
		5811070F21135E4B00FAF56E /* HeadSwipeSensitivityTests.xctest */ = {isa = PBXFileReference; explicitFileType = wrapper.cfbundle; includeInIndex = 0; path = HeadSwipeSensitivityTests.xctest; sourceTree = BUILT_PRODUCTS_DIR; };
		5811071321135E4B00FAF56E /* HeadSwipeSensitivityTests.swift */ = {isa = PBXFileReference; lastKnownFileType = sourcecode.swift; path = HeadSwipeSensitivityTests.swift; sourceTree = "<group>"; };
		5811071521135E4B00FAF56E /* Info.plist */ = {isa = PBXFileReference; lastKnownFileType = text.plist.xml; path = Info.plist; sourceTree = "<group>"; };
		5811071A21135E4B00FAF56E /* HeadSwipeSensitivityUITests.xctest */ = {isa = PBXFileReference; explicitFileType = wrapper.cfbundle; includeInIndex = 0; path = HeadSwipeSensitivityUITests.xctest; sourceTree = BUILT_PRODUCTS_DIR; };
		5811071E21135E4B00FAF56E /* HeadSwipeSensitivityUITests.swift */ = {isa = PBXFileReference; lastKnownFileType = sourcecode.swift; path = HeadSwipeSensitivityUITests.swift; sourceTree = "<group>"; };
		5811072021135E4B00FAF56E /* Info.plist */ = {isa = PBXFileReference; lastKnownFileType = text.plist.xml; path = Info.plist; sourceTree = "<group>"; };
		5811072D2113892B00FAF56E /* MarketSans-Regular.otf */ = {isa = PBXFileReference; lastKnownFileType = file; path = "MarketSans-Regular.otf"; sourceTree = "<group>"; };
		5811072E2113892B00FAF56E /* MarketSans-Light.otf */ = {isa = PBXFileReference; lastKnownFileType = file; path = "MarketSans-Light.otf"; sourceTree = "<group>"; };
		5811072F2113892B00FAF56E /* MarketSans-SemiBold.otf */ = {isa = PBXFileReference; lastKnownFileType = file; path = "MarketSans-SemiBold.otf"; sourceTree = "<group>"; };
		581107302113892B00FAF56E /* MarketSans-Bold.otf */ = {isa = PBXFileReference; lastKnownFileType = file; path = "MarketSans-Bold.otf"; sourceTree = "<group>"; };
		581107312113892B00FAF56E /* MarketSans-Thin.otf */ = {isa = PBXFileReference; lastKnownFileType = file; path = "MarketSans-Thin.otf"; sourceTree = "<group>"; };
		581107322113892B00FAF56E /* MarketSans-Medium.otf */ = {isa = PBXFileReference; lastKnownFileType = file; path = "MarketSans-Medium.otf"; sourceTree = "<group>"; };
		5811073E2113BC0800FAF56E /* NumbersViewController.swift */ = {isa = PBXFileReference; lastKnownFileType = sourcecode.swift; path = NumbersViewController.swift; sourceTree = "<group>"; };
		581107402113BC3100FAF56E /* PracticeViewController.swift */ = {isa = PBXFileReference; lastKnownFileType = sourcecode.swift; path = PracticeViewController.swift; sourceTree = "<group>"; };
		581107462113C4C200FAF56E /* Data.swift */ = {isa = PBXFileReference; lastKnownFileType = sourcecode.swift; path = Data.swift; sourceTree = "<group>"; };
		581107482113C90B00FAF56E /* SummaryViewController.swift */ = {isa = PBXFileReference; lastKnownFileType = sourcecode.swift; path = SummaryViewController.swift; sourceTree = "<group>"; };
		5811074A2114A6E300FAF56E /* AlphabetsViewController.swift */ = {isa = PBXFileReference; lastKnownFileType = sourcecode.swift; path = AlphabetsViewController.swift; sourceTree = "<group>"; };
		5811074C2114BE4200FAF56E /* KeyboardSequence.swift */ = {isa = PBXFileReference; lastKnownFileType = sourcecode.swift; path = KeyboardSequence.swift; sourceTree = "<group>"; };
		5811074E211562F900FAF56E /* BaseSequenceViewController.swift */ = {isa = PBXFileReference; lastKnownFileType = sourcecode.swift; path = BaseSequenceViewController.swift; sourceTree = "<group>"; };
		DAD2280721389EA70071F411 /* UIHeadGazeViewController.swift */ = {isa = PBXFileReference; fileEncoding = 4; lastKnownFileType = sourcecode.swift; path = UIHeadGazeViewController.swift; sourceTree = "<group>"; };
		DAD2280821389EA70071F411 /* UITrackButton.swift */ = {isa = PBXFileReference; fileEncoding = 4; lastKnownFileType = sourcecode.swift; path = UITrackButton.swift; sourceTree = "<group>"; };
		DAD2280921389EA70071F411 /* UIHoverableButton.swift */ = {isa = PBXFileReference; fileEncoding = 4; lastKnownFileType = sourcecode.swift; path = UIHoverableButton.swift; sourceTree = "<group>"; };
		DAD2280A21389EA70071F411 /* UIHeadGazeEvent.swift */ = {isa = PBXFileReference; fileEncoding = 4; lastKnownFileType = sourcecode.swift; path = UIHeadGazeEvent.swift; sourceTree = "<group>"; };
		DAD2280B21389EA70071F411 /* README.md */ = {isa = PBXFileReference; fileEncoding = 4; lastKnownFileType = net.daringfireball.markdown; path = README.md; sourceTree = "<group>"; };
		DAD2280D21389EA70071F411 /* Throttler.swift */ = {isa = PBXFileReference; fileEncoding = 4; lastKnownFileType = sourcecode.swift; path = Throttler.swift; sourceTree = "<group>"; };
		DAD2280E21389EA70071F411 /* MathUtility.swift */ = {isa = PBXFileReference; fileEncoding = 4; lastKnownFileType = sourcecode.swift; path = MathUtility.swift; sourceTree = "<group>"; };
		DAD2280F21389EA70071F411 /* ChargingThrottler.swift */ = {isa = PBXFileReference; fileEncoding = 4; lastKnownFileType = sourcecode.swift; path = ChargingThrottler.swift; sourceTree = "<group>"; };
		DAD2281021389EA70071F411 /* UIVirtualCursorView.swift */ = {isa = PBXFileReference; fileEncoding = 4; lastKnownFileType = sourcecode.swift; path = UIVirtualCursorView.swift; sourceTree = "<group>"; };
		DAD2281221389EA70071F411 /* UIHeadGazeView.swift */ = {isa = PBXFileReference; fileEncoding = 4; lastKnownFileType = sourcecode.swift; path = UIHeadGazeView.swift; sourceTree = "<group>"; };
		DAD2281321389EA70071F411 /* UIBubbleButton.swift */ = {isa = PBXFileReference; fileEncoding = 4; lastKnownFileType = sourcecode.swift; path = UIBubbleButton.swift; sourceTree = "<group>"; };
		DAD2281421389EA70071F411 /* UIHeadGazeRecognizer.swift */ = {isa = PBXFileReference; fileEncoding = 4; lastKnownFileType = sourcecode.swift; path = UIHeadGazeRecognizer.swift; sourceTree = "<group>"; };
		DAD2281521389EA70071F411 /* UIHeadGazeViewControllerBase.swift */ = {isa = PBXFileReference; fileEncoding = 4; lastKnownFileType = sourcecode.swift; path = UIHeadGazeViewControllerBase.swift; sourceTree = "<group>"; };
		DAD2282621389F700071F411 /* eBayColor.swift */ = {isa = PBXFileReference; lastKnownFileType = sourcecode.swift; path = eBayColor.swift; sourceTree = "<group>"; };
/* End PBXFileReference section */

/* Begin PBXFrameworksBuildPhase section */
		581106F821135E4A00FAF56E /* Frameworks */ = {
			isa = PBXFrameworksBuildPhase;
			buildActionMask = 2147483647;
			files = (
			);
			runOnlyForDeploymentPostprocessing = 0;
		};
		5811070C21135E4B00FAF56E /* Frameworks */ = {
			isa = PBXFrameworksBuildPhase;
			buildActionMask = 2147483647;
			files = (
			);
			runOnlyForDeploymentPostprocessing = 0;
		};
		5811071721135E4B00FAF56E /* Frameworks */ = {
			isa = PBXFrameworksBuildPhase;
			buildActionMask = 2147483647;
			files = (
			);
			runOnlyForDeploymentPostprocessing = 0;
		};
/* End PBXFrameworksBuildPhase section */

/* Begin PBXGroup section */
		581106F221135E4900FAF56E = {
			isa = PBXGroup;
			children = (
				581106FD21135E4A00FAF56E /* HeadSwipeSensitivity */,
				5811071221135E4B00FAF56E /* HeadSwipeSensitivityTests */,
				5811071D21135E4B00FAF56E /* HeadSwipeSensitivityUITests */,
				581106FC21135E4A00FAF56E /* Products */,
			);
			sourceTree = "<group>";
		};
		581106FC21135E4A00FAF56E /* Products */ = {
			isa = PBXGroup;
			children = (
				581106FB21135E4A00FAF56E /* HeadSwipeSensitivity.app */,
				5811070F21135E4B00FAF56E /* HeadSwipeSensitivityTests.xctest */,
				5811071A21135E4B00FAF56E /* HeadSwipeSensitivityUITests.xctest */,
			);
			name = Products;
			sourceTree = "<group>";
		};
		581106FD21135E4A00FAF56E /* HeadSwipeSensitivity */ = {
			isa = PBXGroup;
			children = (
				DAD2280621389EA70071F411 /* HeadGazeLib */,
				5811072C2113892B00FAF56E /* OTF */,
				581107392113B7B100FAF56E /* UI */,
				581106FE21135E4A00FAF56E /* AppDelegate.swift */,
				581107462113C4C200FAF56E /* Data.swift */,
				5811074C2114BE4200FAF56E /* KeyboardSequence.swift */,
				5811074E211562F900FAF56E /* BaseSequenceViewController.swift */,
				5811070021135E4A00FAF56E /* WelcomeViewController.swift */,
				581107402113BC3100FAF56E /* PracticeViewController.swift */,
				5811073E2113BC0800FAF56E /* NumbersViewController.swift */,
				5811074A2114A6E300FAF56E /* AlphabetsViewController.swift */,
				581107482113C90B00FAF56E /* SummaryViewController.swift */,
				DAD2282621389F700071F411 /* eBayColor.swift */,
				5811070521135E4B00FAF56E /* Assets.xcassets */,
				5811070A21135E4B00FAF56E /* Info.plist */,
			);
			path = HeadSwipeSensitivity;
			sourceTree = "<group>";
		};
		5811071221135E4B00FAF56E /* HeadSwipeSensitivityTests */ = {
			isa = PBXGroup;
			children = (
				5811071321135E4B00FAF56E /* HeadSwipeSensitivityTests.swift */,
				5811071521135E4B00FAF56E /* Info.plist */,
			);
			path = HeadSwipeSensitivityTests;
			sourceTree = "<group>";
		};
		5811071D21135E4B00FAF56E /* HeadSwipeSensitivityUITests */ = {
			isa = PBXGroup;
			children = (
				5811071E21135E4B00FAF56E /* HeadSwipeSensitivityUITests.swift */,
				5811072021135E4B00FAF56E /* Info.plist */,
			);
			path = HeadSwipeSensitivityUITests;
			sourceTree = "<group>";
		};
		5811072C2113892B00FAF56E /* OTF */ = {
			isa = PBXGroup;
			children = (
				5811072D2113892B00FAF56E /* MarketSans-Regular.otf */,
				5811072E2113892B00FAF56E /* MarketSans-Light.otf */,
				5811072F2113892B00FAF56E /* MarketSans-SemiBold.otf */,
				581107302113892B00FAF56E /* MarketSans-Bold.otf */,
				581107312113892B00FAF56E /* MarketSans-Thin.otf */,
				581107322113892B00FAF56E /* MarketSans-Medium.otf */,
			);
			path = OTF;
			sourceTree = "<group>";
		};
		581107392113B7B100FAF56E /* UI */ = {
			isa = PBXGroup;
			children = (
				5811070721135E4B00FAF56E /* LaunchScreen.storyboard */,
				5811070221135E4A00FAF56E /* Main.storyboard */,
			);
			path = UI;
			sourceTree = "<group>";
		};
		DAD2280621389EA70071F411 /* HeadGazeLib */ = {
			isa = PBXGroup;
			children = (
				DAD2280C21389EA70071F411 /* Utilities */,
				DAD2280A21389EA70071F411 /* UIHeadGazeEvent.swift */,
				DAD2281421389EA70071F411 /* UIHeadGazeRecognizer.swift */,
				DAD2281221389EA70071F411 /* UIHeadGazeView.swift */,
				DAD2280721389EA70071F411 /* UIHeadGazeViewController.swift */,
				DAD2281521389EA70071F411 /* UIHeadGazeViewControllerBase.swift */,
				DAD2281021389EA70071F411 /* UIVirtualCursorView.swift */,
				DAD2280921389EA70071F411 /* UIHoverableButton.swift */,
				DAD2281321389EA70071F411 /* UIBubbleButton.swift */,
				DAD2280821389EA70071F411 /* UITrackButton.swift */,
				DAD2280B21389EA70071F411 /* README.md */,
			);
			name = HeadGazeLib;
			path = ../../../HeadGazeLib;
			sourceTree = "<group>";
		};
		DAD2280C21389EA70071F411 /* Utilities */ = {
			isa = PBXGroup;
			children = (
				DAD2280D21389EA70071F411 /* Throttler.swift */,
				DAD2280E21389EA70071F411 /* MathUtility.swift */,
				DAD2280F21389EA70071F411 /* ChargingThrottler.swift */,
			);
			path = Utilities;
			sourceTree = "<group>";
		};
/* End PBXGroup section */

/* Begin PBXNativeTarget section */
		581106FA21135E4A00FAF56E /* HeadSwipeSensitivity */ = {
			isa = PBXNativeTarget;
			buildConfigurationList = 5811072321135E4B00FAF56E /* Build configuration list for PBXNativeTarget "HeadSwipeSensitivity" */;
			buildPhases = (
				581106F721135E4A00FAF56E /* Sources */,
				581106F821135E4A00FAF56E /* Frameworks */,
				581106F921135E4A00FAF56E /* Resources */,
			);
			buildRules = (
			);
			dependencies = (
			);
			name = HeadSwipeSensitivity;
			productName = HeadSwipeSensitivity;
			productReference = 581106FB21135E4A00FAF56E /* HeadSwipeSensitivity.app */;
			productType = "com.apple.product-type.application";
		};
		5811070E21135E4B00FAF56E /* HeadSwipeSensitivityTests */ = {
			isa = PBXNativeTarget;
			buildConfigurationList = 5811072621135E4B00FAF56E /* Build configuration list for PBXNativeTarget "HeadSwipeSensitivityTests" */;
			buildPhases = (
				5811070B21135E4B00FAF56E /* Sources */,
				5811070C21135E4B00FAF56E /* Frameworks */,
				5811070D21135E4B00FAF56E /* Resources */,
			);
			buildRules = (
			);
			dependencies = (
				5811071121135E4B00FAF56E /* PBXTargetDependency */,
			);
			name = HeadSwipeSensitivityTests;
			productName = HeadSwipeSensitivityTests;
			productReference = 5811070F21135E4B00FAF56E /* HeadSwipeSensitivityTests.xctest */;
			productType = "com.apple.product-type.bundle.unit-test";
		};
		5811071921135E4B00FAF56E /* HeadSwipeSensitivityUITests */ = {
			isa = PBXNativeTarget;
			buildConfigurationList = 5811072921135E4B00FAF56E /* Build configuration list for PBXNativeTarget "HeadSwipeSensitivityUITests" */;
			buildPhases = (
				5811071621135E4B00FAF56E /* Sources */,
				5811071721135E4B00FAF56E /* Frameworks */,
				5811071821135E4B00FAF56E /* Resources */,
			);
			buildRules = (
			);
			dependencies = (
				5811071C21135E4B00FAF56E /* PBXTargetDependency */,
			);
			name = HeadSwipeSensitivityUITests;
			productName = HeadSwipeSensitivityUITests;
			productReference = 5811071A21135E4B00FAF56E /* HeadSwipeSensitivityUITests.xctest */;
			productType = "com.apple.product-type.bundle.ui-testing";
		};
/* End PBXNativeTarget section */

/* Begin PBXProject section */
		581106F321135E4900FAF56E /* Project object */ = {
			isa = PBXProject;
			attributes = {
				LastSwiftUpdateCheck = 0940;
				LastUpgradeCheck = 0940;
				ORGANIZATIONNAME = "eBay Inc";
				TargetAttributes = {
					581106FA21135E4A00FAF56E = {
						CreatedOnToolsVersion = 9.4;
					};
					5811070E21135E4B00FAF56E = {
						CreatedOnToolsVersion = 9.4;
						TestTargetID = 581106FA21135E4A00FAF56E;
					};
					5811071921135E4B00FAF56E = {
						CreatedOnToolsVersion = 9.4;
						TestTargetID = 581106FA21135E4A00FAF56E;
					};
				};
			};
			buildConfigurationList = 581106F621135E4A00FAF56E /* Build configuration list for PBXProject "HeadSwipeSensitivity" */;
			compatibilityVersion = "Xcode 9.3";
			developmentRegion = en;
			hasScannedForEncodings = 0;
			knownRegions = (
				en,
				Base,
			);
			mainGroup = 581106F221135E4900FAF56E;
			productRefGroup = 581106FC21135E4A00FAF56E /* Products */;
			projectDirPath = "";
			projectRoot = "";
			targets = (
				581106FA21135E4A00FAF56E /* HeadSwipeSensitivity */,
				5811070E21135E4B00FAF56E /* HeadSwipeSensitivityTests */,
				5811071921135E4B00FAF56E /* HeadSwipeSensitivityUITests */,
			);
		};
/* End PBXProject section */

/* Begin PBXResourcesBuildPhase section */
		581106F921135E4A00FAF56E /* Resources */ = {
			isa = PBXResourcesBuildPhase;
			buildActionMask = 2147483647;
			files = (
				5811070921135E4B00FAF56E /* LaunchScreen.storyboard in Resources */,
				581107332113892B00FAF56E /* MarketSans-Regular.otf in Resources */,
				DAD2281B21389EA70071F411 /* README.md in Resources */,
				5811070621135E4B00FAF56E /* Assets.xcassets in Resources */,
				581107372113892B00FAF56E /* MarketSans-Thin.otf in Resources */,
				581107382113892B00FAF56E /* MarketSans-Medium.otf in Resources */,
				581107362113892B00FAF56E /* MarketSans-Bold.otf in Resources */,
				5811070421135E4A00FAF56E /* Main.storyboard in Resources */,
				581107342113892B00FAF56E /* MarketSans-Light.otf in Resources */,
				581107352113892B00FAF56E /* MarketSans-SemiBold.otf in Resources */,
			);
			runOnlyForDeploymentPostprocessing = 0;
		};
		5811070D21135E4B00FAF56E /* Resources */ = {
			isa = PBXResourcesBuildPhase;
			buildActionMask = 2147483647;
			files = (
			);
			runOnlyForDeploymentPostprocessing = 0;
		};
		5811071821135E4B00FAF56E /* Resources */ = {
			isa = PBXResourcesBuildPhase;
			buildActionMask = 2147483647;
			files = (
			);
			runOnlyForDeploymentPostprocessing = 0;
		};
/* End PBXResourcesBuildPhase section */

/* Begin PBXSourcesBuildPhase section */
		581106F721135E4A00FAF56E /* Sources */ = {
			isa = PBXSourcesBuildPhase;
			buildActionMask = 2147483647;
			files = (
				581107472113C4C200FAF56E /* Data.swift in Sources */,
				DAD2281D21389EA70071F411 /* MathUtility.swift in Sources */,
				DAD2282421389EA70071F411 /* UIHeadGazeViewControllerBase.swift in Sources */,
				5811073F2113BC0800FAF56E /* NumbersViewController.swift in Sources */,
				DAD2281C21389EA70071F411 /* Throttler.swift in Sources */,
				5811074B2114A6E300FAF56E /* AlphabetsViewController.swift in Sources */,
				581107492113C90B00FAF56E /* SummaryViewController.swift in Sources */,
				5811074D2114BE4200FAF56E /* KeyboardSequence.swift in Sources */,
				DAD2281721389EA70071F411 /* UIHeadGazeViewController.swift in Sources */,
				5811074F211562F900FAF56E /* BaseSequenceViewController.swift in Sources */,
				581107412113BC3100FAF56E /* PracticeViewController.swift in Sources */,
				DAD2281921389EA70071F411 /* UIHoverableButton.swift in Sources */,
				DAD2282121389EA70071F411 /* UIHeadGazeView.swift in Sources */,
				DAD2282321389EA70071F411 /* UIHeadGazeRecognizer.swift in Sources */,
				5811070121135E4A00FAF56E /* WelcomeViewController.swift in Sources */,
				DAD2282221389EA70071F411 /* UIBubbleButton.swift in Sources */,
				DAD2282721389F700071F411 /* eBayColor.swift in Sources */,
				DAD2281A21389EA70071F411 /* UIHeadGazeEvent.swift in Sources */,
				DAD2281E21389EA70071F411 /* ChargingThrottler.swift in Sources */,
				DAD2281821389EA70071F411 /* UITrackButton.swift in Sources */,
				581106FF21135E4A00FAF56E /* AppDelegate.swift in Sources */,
				DAD2281F21389EA70071F411 /* UIVirtualCursorView.swift in Sources */,
			);
			runOnlyForDeploymentPostprocessing = 0;
		};
		5811070B21135E4B00FAF56E /* Sources */ = {
			isa = PBXSourcesBuildPhase;
			buildActionMask = 2147483647;
			files = (
				5811071421135E4B00FAF56E /* HeadSwipeSensitivityTests.swift in Sources */,
			);
			runOnlyForDeploymentPostprocessing = 0;
		};
		5811071621135E4B00FAF56E /* Sources */ = {
			isa = PBXSourcesBuildPhase;
			buildActionMask = 2147483647;
			files = (
				5811071F21135E4B00FAF56E /* HeadSwipeSensitivityUITests.swift in Sources */,
			);
			runOnlyForDeploymentPostprocessing = 0;
		};
/* End PBXSourcesBuildPhase section */

/* Begin PBXTargetDependency section */
		5811071121135E4B00FAF56E /* PBXTargetDependency */ = {
			isa = PBXTargetDependency;
			target = 581106FA21135E4A00FAF56E /* HeadSwipeSensitivity */;
			targetProxy = 5811071021135E4B00FAF56E /* PBXContainerItemProxy */;
		};
		5811071C21135E4B00FAF56E /* PBXTargetDependency */ = {
			isa = PBXTargetDependency;
			target = 581106FA21135E4A00FAF56E /* HeadSwipeSensitivity */;
			targetProxy = 5811071B21135E4B00FAF56E /* PBXContainerItemProxy */;
		};
/* End PBXTargetDependency section */

/* Begin PBXVariantGroup section */
		5811070221135E4A00FAF56E /* Main.storyboard */ = {
			isa = PBXVariantGroup;
			children = (
				5811070321135E4A00FAF56E /* Base */,
			);
			name = Main.storyboard;
			sourceTree = "<group>";
		};
		5811070721135E4B00FAF56E /* LaunchScreen.storyboard */ = {
			isa = PBXVariantGroup;
			children = (
				5811070821135E4B00FAF56E /* Base */,
			);
			name = LaunchScreen.storyboard;
			sourceTree = "<group>";
		};
/* End PBXVariantGroup section */

/* Begin XCBuildConfiguration section */
		5811072121135E4B00FAF56E /* Debug */ = {
			isa = XCBuildConfiguration;
			buildSettings = {
				ALWAYS_SEARCH_USER_PATHS = NO;
				CLANG_ANALYZER_NONNULL = YES;
				CLANG_ANALYZER_NUMBER_OBJECT_CONVERSION = YES_AGGRESSIVE;
				CLANG_CXX_LANGUAGE_STANDARD = "gnu++14";
				CLANG_CXX_LIBRARY = "libc++";
				CLANG_ENABLE_MODULES = YES;
				CLANG_ENABLE_OBJC_ARC = YES;
				CLANG_ENABLE_OBJC_WEAK = YES;
				CLANG_WARN_BLOCK_CAPTURE_AUTORELEASING = YES;
				CLANG_WARN_BOOL_CONVERSION = YES;
				CLANG_WARN_COMMA = YES;
				CLANG_WARN_CONSTANT_CONVERSION = YES;
				CLANG_WARN_DEPRECATED_OBJC_IMPLEMENTATIONS = YES;
				CLANG_WARN_DIRECT_OBJC_ISA_USAGE = YES_ERROR;
				CLANG_WARN_DOCUMENTATION_COMMENTS = YES;
				CLANG_WARN_EMPTY_BODY = YES;
				CLANG_WARN_ENUM_CONVERSION = YES;
				CLANG_WARN_INFINITE_RECURSION = YES;
				CLANG_WARN_INT_CONVERSION = YES;
				CLANG_WARN_NON_LITERAL_NULL_CONVERSION = YES;
				CLANG_WARN_OBJC_IMPLICIT_RETAIN_SELF = YES;
				CLANG_WARN_OBJC_LITERAL_CONVERSION = YES;
				CLANG_WARN_OBJC_ROOT_CLASS = YES_ERROR;
				CLANG_WARN_RANGE_LOOP_ANALYSIS = YES;
				CLANG_WARN_STRICT_PROTOTYPES = YES;
				CLANG_WARN_SUSPICIOUS_MOVE = YES;
				CLANG_WARN_UNGUARDED_AVAILABILITY = YES_AGGRESSIVE;
				CLANG_WARN_UNREACHABLE_CODE = YES;
				CLANG_WARN__DUPLICATE_METHOD_MATCH = YES;
				CODE_SIGN_IDENTITY = "iPhone Developer";
				COPY_PHASE_STRIP = NO;
				DEBUG_INFORMATION_FORMAT = dwarf;
				ENABLE_STRICT_OBJC_MSGSEND = YES;
				ENABLE_TESTABILITY = YES;
				GCC_C_LANGUAGE_STANDARD = gnu11;
				GCC_DYNAMIC_NO_PIC = NO;
				GCC_NO_COMMON_BLOCKS = YES;
				GCC_OPTIMIZATION_LEVEL = 0;
				GCC_PREPROCESSOR_DEFINITIONS = (
					"DEBUG=1",
					"$(inherited)",
				);
				GCC_WARN_64_TO_32_BIT_CONVERSION = YES;
				GCC_WARN_ABOUT_RETURN_TYPE = YES_ERROR;
				GCC_WARN_UNDECLARED_SELECTOR = YES;
				GCC_WARN_UNINITIALIZED_AUTOS = YES_AGGRESSIVE;
				GCC_WARN_UNUSED_FUNCTION = YES;
				GCC_WARN_UNUSED_VARIABLE = YES;
				IPHONEOS_DEPLOYMENT_TARGET = 11.4;
				MTL_ENABLE_DEBUG_INFO = YES;
				ONLY_ACTIVE_ARCH = YES;
				SDKROOT = iphoneos;
				SWIFT_ACTIVE_COMPILATION_CONDITIONS = DEBUG;
				SWIFT_OPTIMIZATION_LEVEL = "-Onone";
			};
			name = Debug;
		};
		5811072221135E4B00FAF56E /* Release */ = {
			isa = XCBuildConfiguration;
			buildSettings = {
				ALWAYS_SEARCH_USER_PATHS = NO;
				CLANG_ANALYZER_NONNULL = YES;
				CLANG_ANALYZER_NUMBER_OBJECT_CONVERSION = YES_AGGRESSIVE;
				CLANG_CXX_LANGUAGE_STANDARD = "gnu++14";
				CLANG_CXX_LIBRARY = "libc++";
				CLANG_ENABLE_MODULES = YES;
				CLANG_ENABLE_OBJC_ARC = YES;
				CLANG_ENABLE_OBJC_WEAK = YES;
				CLANG_WARN_BLOCK_CAPTURE_AUTORELEASING = YES;
				CLANG_WARN_BOOL_CONVERSION = YES;
				CLANG_WARN_COMMA = YES;
				CLANG_WARN_CONSTANT_CONVERSION = YES;
				CLANG_WARN_DEPRECATED_OBJC_IMPLEMENTATIONS = YES;
				CLANG_WARN_DIRECT_OBJC_ISA_USAGE = YES_ERROR;
				CLANG_WARN_DOCUMENTATION_COMMENTS = YES;
				CLANG_WARN_EMPTY_BODY = YES;
				CLANG_WARN_ENUM_CONVERSION = YES;
				CLANG_WARN_INFINITE_RECURSION = YES;
				CLANG_WARN_INT_CONVERSION = YES;
				CLANG_WARN_NON_LITERAL_NULL_CONVERSION = YES;
				CLANG_WARN_OBJC_IMPLICIT_RETAIN_SELF = YES;
				CLANG_WARN_OBJC_LITERAL_CONVERSION = YES;
				CLANG_WARN_OBJC_ROOT_CLASS = YES_ERROR;
				CLANG_WARN_RANGE_LOOP_ANALYSIS = YES;
				CLANG_WARN_STRICT_PROTOTYPES = YES;
				CLANG_WARN_SUSPICIOUS_MOVE = YES;
				CLANG_WARN_UNGUARDED_AVAILABILITY = YES_AGGRESSIVE;
				CLANG_WARN_UNREACHABLE_CODE = YES;
				CLANG_WARN__DUPLICATE_METHOD_MATCH = YES;
				CODE_SIGN_IDENTITY = "iPhone Developer";
				COPY_PHASE_STRIP = NO;
				DEBUG_INFORMATION_FORMAT = "dwarf-with-dsym";
				ENABLE_NS_ASSERTIONS = NO;
				ENABLE_STRICT_OBJC_MSGSEND = YES;
				GCC_C_LANGUAGE_STANDARD = gnu11;
				GCC_NO_COMMON_BLOCKS = YES;
				GCC_WARN_64_TO_32_BIT_CONVERSION = YES;
				GCC_WARN_ABOUT_RETURN_TYPE = YES_ERROR;
				GCC_WARN_UNDECLARED_SELECTOR = YES;
				GCC_WARN_UNINITIALIZED_AUTOS = YES_AGGRESSIVE;
				GCC_WARN_UNUSED_FUNCTION = YES;
				GCC_WARN_UNUSED_VARIABLE = YES;
				IPHONEOS_DEPLOYMENT_TARGET = 11.4;
				MTL_ENABLE_DEBUG_INFO = NO;
				SDKROOT = iphoneos;
				SWIFT_COMPILATION_MODE = wholemodule;
				SWIFT_OPTIMIZATION_LEVEL = "-O";
				VALIDATE_PRODUCT = YES;
			};
			name = Release;
		};
		5811072421135E4B00FAF56E /* Debug */ = {
			isa = XCBuildConfiguration;
			buildSettings = {
				ASSETCATALOG_COMPILER_APPICON_NAME = AppIcon;
				CODE_SIGN_STYLE = Automatic;
				DEVELOPMENT_TEAM = 877TC4Q5J5;
				INFOPLIST_FILE = HeadSwipeSensitivity/Info.plist;
				LD_RUNPATH_SEARCH_PATHS = (
					"$(inherited)",
					"@executable_path/Frameworks",
				);
				PRODUCT_BUNDLE_IDENTIFIER = ebay.HeadSwipeSensitivity;
				PRODUCT_NAME = "$(TARGET_NAME)";
				SWIFT_VERSION = 4.0;
				TARGETED_DEVICE_FAMILY = "1,2";
			};
			name = Debug;
		};
		5811072521135E4B00FAF56E /* Release */ = {
			isa = XCBuildConfiguration;
			buildSettings = {
				ASSETCATALOG_COMPILER_APPICON_NAME = AppIcon;
				CODE_SIGN_STYLE = Automatic;
				DEVELOPMENT_TEAM = 877TC4Q5J5;
				INFOPLIST_FILE = HeadSwipeSensitivity/Info.plist;
				LD_RUNPATH_SEARCH_PATHS = (
					"$(inherited)",
					"@executable_path/Frameworks",
				);
				PRODUCT_BUNDLE_IDENTIFIER = ebay.HeadSwipeSensitivity;
				PRODUCT_NAME = "$(TARGET_NAME)";
				SWIFT_VERSION = 4.0;
				TARGETED_DEVICE_FAMILY = "1,2";
			};
			name = Release;
		};
		5811072721135E4B00FAF56E /* Debug */ = {
			isa = XCBuildConfiguration;
			buildSettings = {
				ALWAYS_EMBED_SWIFT_STANDARD_LIBRARIES = YES;
				BUNDLE_LOADER = "$(TEST_HOST)";
				CODE_SIGN_STYLE = Automatic;
				DEVELOPMENT_TEAM = QYHMMGCMJR;
				INFOPLIST_FILE = HeadSwipeSensitivityTests/Info.plist;
				LD_RUNPATH_SEARCH_PATHS = (
					"$(inherited)",
					"@executable_path/Frameworks",
					"@loader_path/Frameworks",
				);
				PRODUCT_BUNDLE_IDENTIFIER = ebay.HeadSwipeSensitivityTests;
				PRODUCT_NAME = "$(TARGET_NAME)";
				SWIFT_VERSION = 4.0;
				TARGETED_DEVICE_FAMILY = "1,2";
				TEST_HOST = "$(BUILT_PRODUCTS_DIR)/HeadSwipeSensitivity.app/HeadSwipeSensitivity";
			};
			name = Debug;
		};
		5811072821135E4B00FAF56E /* Release */ = {
			isa = XCBuildConfiguration;
			buildSettings = {
				ALWAYS_EMBED_SWIFT_STANDARD_LIBRARIES = YES;
				BUNDLE_LOADER = "$(TEST_HOST)";
				CODE_SIGN_STYLE = Automatic;
				DEVELOPMENT_TEAM = QYHMMGCMJR;
				INFOPLIST_FILE = HeadSwipeSensitivityTests/Info.plist;
				LD_RUNPATH_SEARCH_PATHS = (
					"$(inherited)",
					"@executable_path/Frameworks",
					"@loader_path/Frameworks",
				);
				PRODUCT_BUNDLE_IDENTIFIER = ebay.HeadSwipeSensitivityTests;
				PRODUCT_NAME = "$(TARGET_NAME)";
				SWIFT_VERSION = 4.0;
				TARGETED_DEVICE_FAMILY = "1,2";
				TEST_HOST = "$(BUILT_PRODUCTS_DIR)/HeadSwipeSensitivity.app/HeadSwipeSensitivity";
			};
			name = Release;
		};
		5811072A21135E4B00FAF56E /* Debug */ = {
			isa = XCBuildConfiguration;
			buildSettings = {
				ALWAYS_EMBED_SWIFT_STANDARD_LIBRARIES = YES;
				CODE_SIGN_STYLE = Automatic;
				DEVELOPMENT_TEAM = QYHMMGCMJR;
				INFOPLIST_FILE = HeadSwipeSensitivityUITests/Info.plist;
				LD_RUNPATH_SEARCH_PATHS = (
					"$(inherited)",
					"@executable_path/Frameworks",
					"@loader_path/Frameworks",
				);
				PRODUCT_BUNDLE_IDENTIFIER = ebay.HeadSwipeSensitivityUITests;
				PRODUCT_NAME = "$(TARGET_NAME)";
				SWIFT_VERSION = 4.0;
				TARGETED_DEVICE_FAMILY = "1,2";
				TEST_TARGET_NAME = HeadSwipeSensitivity;
			};
			name = Debug;
		};
		5811072B21135E4B00FAF56E /* Release */ = {
			isa = XCBuildConfiguration;
			buildSettings = {
				ALWAYS_EMBED_SWIFT_STANDARD_LIBRARIES = YES;
				CODE_SIGN_STYLE = Automatic;
				DEVELOPMENT_TEAM = QYHMMGCMJR;
				INFOPLIST_FILE = HeadSwipeSensitivityUITests/Info.plist;
				LD_RUNPATH_SEARCH_PATHS = (
					"$(inherited)",
					"@executable_path/Frameworks",
					"@loader_path/Frameworks",
				);
				PRODUCT_BUNDLE_IDENTIFIER = ebay.HeadSwipeSensitivityUITests;
				PRODUCT_NAME = "$(TARGET_NAME)";
				SWIFT_VERSION = 4.0;
				TARGETED_DEVICE_FAMILY = "1,2";
				TEST_TARGET_NAME = HeadSwipeSensitivity;
			};
			name = Release;
		};
/* End XCBuildConfiguration section */

/* Begin XCConfigurationList section */
		581106F621135E4A00FAF56E /* Build configuration list for PBXProject "HeadSwipeSensitivity" */ = {
			isa = XCConfigurationList;
			buildConfigurations = (
				5811072121135E4B00FAF56E /* Debug */,
				5811072221135E4B00FAF56E /* Release */,
			);
			defaultConfigurationIsVisible = 0;
			defaultConfigurationName = Release;
		};
		5811072321135E4B00FAF56E /* Build configuration list for PBXNativeTarget "HeadSwipeSensitivity" */ = {
			isa = XCConfigurationList;
			buildConfigurations = (
				5811072421135E4B00FAF56E /* Debug */,
				5811072521135E4B00FAF56E /* Release */,
			);
			defaultConfigurationIsVisible = 0;
			defaultConfigurationName = Release;
		};
		5811072621135E4B00FAF56E /* Build configuration list for PBXNativeTarget "HeadSwipeSensitivityTests" */ = {
			isa = XCConfigurationList;
			buildConfigurations = (
				5811072721135E4B00FAF56E /* Debug */,
				5811072821135E4B00FAF56E /* Release */,
			);
			defaultConfigurationIsVisible = 0;
			defaultConfigurationName = Release;
		};
		5811072921135E4B00FAF56E /* Build configuration list for PBXNativeTarget "HeadSwipeSensitivityUITests" */ = {
			isa = XCConfigurationList;
			buildConfigurations = (
				5811072A21135E4B00FAF56E /* Debug */,
				5811072B21135E4B00FAF56E /* Release */,
			);
			defaultConfigurationIsVisible = 0;
			defaultConfigurationName = Release;
		};
/* End XCConfigurationList section */
	};
	rootObject = 581106F321135E4900FAF56E /* Project object */;
}
